
Microsoft Visual Studio Solution File, Format Version 12.00
# Visual Studio 15
VisualStudioVersion = 15.0.28307.168
MinimumVisualStudioVersion = 10.0.40219.1
Project("{9A19103F-16F7-4668-BE54-9A1E7A4F7556}") = "SimpleDb.Common", "SimpleDb.Common\SimpleDb.Common.csproj", "{BF01B017-9FEA-4BC0-9533-D3DDD5BEA475}"
EndProject
Project("{9A19103F-16F7-4668-BE54-9A1E7A4F7556}") = "SimpleDb.Server", "SimpleDb.Server\SimpleDb.Server.csproj", "{E14221C7-A99B-4A97-AC6A-48A0DBE21BFE}"
EndProject
Project("{9A19103F-16F7-4668-BE54-9A1E7A4F7556}") = "SimpleDb.Client", "SimpleDb.Client\SimpleDb.Client.csproj", "{D0086B77-1E92-42AE-BE3F-B410B4E44ACB}"
EndProject
Global
	GlobalSection(SolutionConfigurationPlatforms) = preSolution
		Debug|Any CPU = Debug|Any CPU
		Release|Any CPU = Release|Any CPU
	EndGlobalSection
	GlobalSection(ProjectConfigurationPlatforms) = postSolution
		{BF01B017-9FEA-4BC0-9533-D3DDD5BEA475}.Debug|Any CPU.ActiveCfg = Debug|Any CPU
		{BF01B017-9FEA-4BC0-9533-D3DDD5BEA475}.Debug|Any CPU.Build.0 = Debug|Any CPU
		{BF01B017-9FEA-4BC0-9533-D3DDD5BEA475}.Release|Any CPU.ActiveCfg = Release|Any CPU
		{BF01B017-9FEA-4BC0-9533-D3DDD5BEA475}.Release|Any CPU.Build.0 = Release|Any CPU
		{E14221C7-A99B-4A97-AC6A-48A0DBE21BFE}.Debug|Any CPU.ActiveCfg = Debug|Any CPU
		{E14221C7-A99B-4A97-AC6A-48A0DBE21BFE}.Debug|Any CPU.Build.0 = Debug|Any CPU
		{E14221C7-A99B-4A97-AC6A-48A0DBE21BFE}.Release|Any CPU.ActiveCfg = Release|Any CPU
		{E14221C7-A99B-4A97-AC6A-48A0DBE21BFE}.Release|Any CPU.Build.0 = Release|Any CPU
		{D0086B77-1E92-42AE-BE3F-B410B4E44ACB}.Debug|Any CPU.ActiveCfg = Debug|Any CPU
		{D0086B77-1E92-42AE-BE3F-B410B4E44ACB}.Debug|Any CPU.Build.0 = Debug|Any CPU
		{D0086B77-1E92-42AE-BE3F-B410B4E44ACB}.Release|Any CPU.ActiveCfg = Release|Any CPU
		{D0086B77-1E92-42AE-BE3F-B410B4E44ACB}.Release|Any CPU.Build.0 = Release|Any CPU
	EndGlobalSection
	GlobalSection(SolutionProperties) = preSolution
		HideSolutionNode = FALSE
	EndGlobalSection
	GlobalSection(ExtensibilityGlobals) = postSolution
		SolutionGuid = {75C62A67-29F9-4094-B273-AAA16B6273A7}
	EndGlobalSection
EndGlobal
